PODS:
  - Flutter (1.0.0)
  - pub_base (0.0.1):
    - Flutter

DEPENDENCIES:
  - Flutter (from `Flutter`)
  - pub_base (from `.symlinks/plugins/pub_base/ios`)

EXTERNAL SOURCES:
  Flutter:
    :path: Flutter
  pub_base:
    :path: ".symlinks/plugins/pub_base/ios"

SPEC CHECKSUMS:
  Flutter: 0e3d915762c693b495b44d77113d4970485de6ec
  pub_base: e7c2a76d1166c69bae876a08051c19c918955e0d

PODFILE CHECKSUM: 9ce3b4b8efe5f6788950ec0a35ea63850980e5ab

COCOAPODS: 1.8.4
